github.com/ahmetalpbalkan/go-linq v3.0.0+incompatible h1:dIwn5yUE6BoMAytLGn3pz/WoRhOj2gepls7iyNRN4yY=
github.com/ahmetalpbalkan/go-linq v3.0.0+incompatible/go.mod h1:IBvGwXyZVvXuN8KIbGCK53k+fzCKOmAdYhobMdJXOck=
github.com/golang-collections/collections v0.0.0-20130729185459-604e922904d3 h1:zN2lZNZRflqFyxVaTIU61KNKQ9C0055u9CAfpmqUvo4=
github.com/golang-collections/collections v0.0.0-20130729185459-604e922904d3/go.mod h1:nPpo7qLxd6XL3hWJG/O60sR8ZKfMCiIoNap5GvD12KU=
